
Microsoft Visual Studio Solution File, Format Version 12.00
# Visual Studio 2013
VisualStudioVersion = 12.0.31101.0
MinimumVisualStudioVersion = 10.0.40219.1
Project("{FAE04EC0-301F-11D3-BF4B-00C04F79EFBC}") = "RegistroHoras.DATA", "RegistroHoras.DATA\RegistroHoras.DATA.csproj", "{B46AE619-24FA-4B17-A51A-1E90B3666091}"
EndProject
Project("{FAE04EC0-301F-11D3-BF4B-00C04F79EFBC}") = "RegistroHoras.WEB", "RegistroHoras.WEB\RegistroHoras.WEB.csproj", "{E63F0589-1842-4CA7-B99A-2C5467762FD9}"
EndProject
Global
	GlobalSection(SolutionConfigurationPlatforms) = preSolution
		Debug|Any CPU = Debug|Any CPU
		Release|Any CPU = Release|Any CPU
	EndGlobalSection
	GlobalSection(ProjectConfigurationPlatforms) = postSolution
		{B46AE619-24FA-4B17-A51A-1E90B3666091}.Debug|Any CPU.ActiveCfg = Debug|Any CPU
		{B46AE619-24FA-4B17-A51A-1E90B3666091}.Debug|Any CPU.Build.0 = Debug|Any CPU
		{B46AE619-24FA-4B17-A51A-1E90B3666091}.Release|Any CPU.ActiveCfg = Release|Any CPU
		{B46AE619-24FA-4B17-A51A-1E90B3666091}.Release|Any CPU.Build.0 = Release|Any CPU
		{E63F0589-1842-4CA7-B99A-2C5467762FD9}.Debug|Any CPU.ActiveCfg = Debug|Any CPU
		{E63F0589-1842-4CA7-B99A-2C5467762FD9}.Debug|Any CPU.Build.0 = Debug|Any CPU
		{E63F0589-1842-4CA7-B99A-2C5467762FD9}.Release|Any CPU.ActiveCfg = Release|Any CPU
		{E63F0589-1842-4CA7-B99A-2C5467762FD9}.Release|Any CPU.Build.0 = Release|Any CPU
	EndGlobalSection
	GlobalSection(SolutionProperties) = preSolution
		HideSolutionNode = FALSE
	EndGlobalSection
EndGlobal
